{"version":4,"terraform_version":"1.11.5","serial":7,"lineage":"eefe9844-182b-d2b2-4043-2a4fd9ec8a01","outputs":{"bq_dataset_marts":{"value":"marts","type":"string"},"bq_dataset_raw":{"value":"raw","type":"string"},"bq_dataset_staging":{"value":"staging","type":"string"},"gcs_bucket_name":{"value":"hk-transit-pulse-raw","type":"string"},"service_account_email":{"value":"bruin-pipeline@project-e5d4de8a-49cc-439d-b6e.iam.gserviceaccount.com","type":"string"}},"resources":[{"mode":"managed","type":"google_bigquery_dataset","name":"marts","provider":"provider[\"registry.opentofu.org/hashicorp/google\"]","instances":[{"schema_version":0,"attributes":{"access":[{"dataset":[],"domain":"","group_by_email":"","iam_member":"","role":"OWNER","routine":[],"special_group":"","user_by_email":"afkar.kerja@gmail.com","view":[]},{"dataset":[],"domain":"","group_by_email":"","iam_member":"","role":"OWNER","routine":[],"special_group":"projectOwners","user_by_email":"","view":[]},{"dataset":[],"domain":"","group_by_email":"","iam_member":"","role":"READER","routine":[],"special_group":"projectReaders","user_by_email":"","view":[]},{"dataset":[],"domain":"","group_by_email":"","iam_member":"","role":"WRITER","routine":[],"special_group":"projectWriters","user_by_email":"","view":[]}],"creation_time":1775365249361,"dataset_id":"marts","default_collation":"","default_encryption_configuration":[],"default_partition_expiration_ms":0,"default_table_expiration_ms":0,"delete_contents_on_destroy":true,"description":"","effective_labels":{},"etag":"FW77IVEhYBLaAY0IAEdBkw==","external_dataset_reference":[],"friendly_name":"","id":"projects/project-e5d4de8a-49cc-439d-b6e/datasets/marts","is_case_insensitive":false,"labels":null,"last_modified_time":1775365249361,"location":"US","max_time_travel_hours":"168","project":"project-e5d4de8a-49cc-439d-b6e","resource_tags":null,"self_link":"https://bigquery.googleapis.com/bigquery/v2/projects/project-e5d4de8a-49cc-439d-b6e/datasets/marts","storage_billing_model":"","terraform_labels":{},"timeouts":null},"sensitive_attributes":[],"private":"eyJlMmJmYjczMC1lY2FhLTExZTYtOGY4OC0zNDM2M2JjN2M0YzAiOnsiY3JlYXRlIjoxMjAwMDAwMDAwMDAwLCJkZWxldGUiOjEyMDAwMDAwMDAwMDAsInVwZGF0ZSI6MTIwMDAwMDAwMDAwMH19"}]},{"mode":"managed","type":"google_bigquery_dataset","name":"raw","provider":"provider[\"registry.opentofu.org/hashicorp/google\"]","instances":[{"schema_version":0,"attributes":{"access":[{"dataset":[],"domain":"","group_by_email":"","iam_member":"","role":"OWNER","routine":[],"special_group":"","user_by_email":"afkar.kerja@gmail.com","view":[]},{"dataset":[],"domain":"","group_by_email":"","iam_member":"","role":"OWNER","routine":[],"special_group":"projectOwners","user_by_email":"","view":[]},{"dataset":[],"domain":"","group_by_email":"","iam_member":"","role":"READER","routine":[],"special_group":"projectReaders","user_by_email":"","view":[]},{"dataset":[],"domain":"","group_by_email":"","iam_member":"","role":"WRITER","routine":[],"special_group":"projectWriters","user_by_email":"","view":[]}],"creation_time":1775364868105,"dataset_id":"raw","default_collation":"","default_encryption_configuration":[],"default_partition_expiration_ms":0,"default_table_expiration_ms":0,"delete_contents_on_destroy":true,"description":"","effective_labels":{},"etag":"E38OmwJyNznQRy4K20Nbdg==","external_dataset_reference":[],"friendly_name":"","id":"projects/project-e5d4de8a-49cc-439d-b6e/datasets/raw","is_case_insensitive":false,"labels":{},"last_modified_time":1775364868105,"location":"US","max_time_travel_hours":"168","project":"project-e5d4de8a-49cc-439d-b6e","resource_tags":{},"self_link":"https://bigquery.googleapis.com/bigquery/v2/projects/project-e5d4de8a-49cc-439d-b6e/datasets/raw","storage_billing_model":"","terraform_labels":{},"timeouts":null},"sensitive_attributes":[],"private":"eyJlMmJmYjczMC1lY2FhLTExZTYtOGY4OC0zNDM2M2JjN2M0YzAiOnsiY3JlYXRlIjoxMjAwMDAwMDAwMDAwLCJkZWxldGUiOjEyMDAwMDAwMDAwMDAsInVwZGF0ZSI6MTIwMDAwMDAwMDAwMH19"}]},{"mode":"managed","type":"google_bigquery_dataset","name":"staging","provider":"provider[\"registry.opentofu.org/hashicorp/google\"]","instances":[{"schema_version":0,"attributes":{"access":[{"dataset":[],"domain":"","group_by_email":"","iam_member":"","role":"OWNER","routine":[],"special_group":"","user_by_email":"afkar.kerja@gmail.com","view":[]},{"dataset":[],"domain":"","group_by_email":"","iam_member":"","role":"OWNER","routine":[],"special_group":"projectOwners","user_by_email":"","view":[]},{"dataset":[],"domain":"","group_by_email":"","iam_member":"","role":"READER","routine":[],"special_group":"projectReaders","user_by_email":"","view":[]},{"dataset":[],"domain":"","group_by_email":"","iam_member":"","role":"WRITER","routine":[],"special_group":"projectWriters","user_by_email":"","view":[]}],"creation_time":1775365249366,"dataset_id":"staging","default_collation":"","default_encryption_configuration":[],"default_partition_expiration_ms":0,"default_table_expiration_ms":0,"delete_contents_on_destroy":true,"description":"","effective_labels":{},"etag":"CveLyqKjG+1JtxFN+ir96A==","external_dataset_reference":[],"friendly_name":"","id":"projects/project-e5d4de8a-49cc-439d-b6e/datasets/staging","is_case_insensitive":false,"labels":null,"last_modified_time":1775365249366,"location":"US","max_time_travel_hours":"168","project":"project-e5d4de8a-49cc-439d-b6e","resource_tags":null,"self_link":"https://bigquery.googleapis.com/bigquery/v2/projects/project-e5d4de8a-49cc-439d-b6e/datasets/staging","storage_billing_model":"","terraform_labels":{},"timeouts":null},"sensitive_attributes":[],"private":"eyJlMmJmYjczMC1lY2FhLTExZTYtOGY4OC0zNDM2M2JjN2M0YzAiOnsiY3JlYXRlIjoxMjAwMDAwMDAwMDAwLCJkZWxldGUiOjEyMDAwMDAwMDAwMDAsInVwZGF0ZSI6MTIwMDAwMDAwMDAwMH19"}]},{"mode":"managed","type":"google_project_iam_member","name":"bruin_bq","provider":"provider[\"registry.opentofu.org/hashicorp/google\"]","instances":[{"schema_version":0,"attributes":{"condition":[],"etag":"BwZOpRyA0YY=","id":"project-e5d4de8a-49cc-439d-b6e/roles/bigquery.dataEditor/serviceAccount:bruin-pipeline@project-e5d4de8a-49cc-439d-b6e.iam.gserviceaccount.com","member":"serviceAccount:bruin-pipeline@project-e5d4de8a-49cc-439d-b6e.iam.gserviceaccount.com","project":"project-e5d4de8a-49cc-439d-b6e","role":"roles/bigquery.dataEditor"},"sensitive_attributes":[],"private":"bnVsbA==","dependencies":["google_service_account.bruin"]}]},{"mode":"managed","type":"google_project_iam_member","name":"bruin_bq_job","provider":"provider[\"registry.opentofu.org/hashicorp/google\"]","instances":[{"schema_version":0,"attributes":{"condition":[],"etag":"BwZOpRyA0YY=","id":"project-e5d4de8a-49cc-439d-b6e/roles/bigquery.jobUser/serviceAccount:bruin-pipeline@project-e5d4de8a-49cc-439d-b6e.iam.gserviceaccount.com","member":"serviceAccount:bruin-pipeline@project-e5d4de8a-49cc-439d-b6e.iam.gserviceaccount.com","project":"project-e5d4de8a-49cc-439d-b6e","role":"roles/bigquery.jobUser"},"sensitive_attributes":[],"private":"bnVsbA==","dependencies":["google_service_account.bruin"]}]},{"mode":"managed","type":"google_project_iam_member","name":"bruin_gcs","provider":"provider[\"registry.opentofu.org/hashicorp/google\"]","instances":[{"schema_version":0,"attributes":{"condition":[],"etag":"BwZOpRyA0YY=","id":"project-e5d4de8a-49cc-439d-b6e/roles/storage.objectAdmin/serviceAccount:bruin-pipeline@project-e5d4de8a-49cc-439d-b6e.iam.gserviceaccount.com","member":"serviceAccount:bruin-pipeline@project-e5d4de8a-49cc-439d-b6e.iam.gserviceaccount.com","project":"project-e5d4de8a-49cc-439d-b6e","role":"roles/storage.objectAdmin"},"sensitive_attributes":[],"private":"bnVsbA==","dependencies":["google_service_account.bruin"]}]},{"mode":"managed","type":"google_service_account","name":"bruin","provider":"provider[\"registry.opentofu.org/hashicorp/google\"]","instances":[{"schema_version":0,"attributes":{"account_id":"bruin-pipeline","create_ignore_already_exists":null,"description":"","disabled":false,"display_name":"Bruin Pipeline Service Account","email":"bruin-pipeline@project-e5d4de8a-49cc-439d-b6e.iam.gserviceaccount.com","id":"projects/project-e5d4de8a-49cc-439d-b6e/serviceAccounts/bruin-pipeline@project-e5d4de8a-49cc-439d-b6e.iam.gserviceaccount.com","member":"serviceAccount:bruin-pipeline@project-e5d4de8a-49cc-439d-b6e.iam.gserviceaccount.com","name":"projects/project-e5d4de8a-49cc-439d-b6e/serviceAccounts/bruin-pipeline@project-e5d4de8a-49cc-439d-b6e.iam.gserviceaccount.com","project":"project-e5d4de8a-49cc-439d-b6e","timeouts":null,"unique_id":"114670246146705948847"},"sensitive_attributes":[],"private":"eyJlMmJmYjczMC1lY2FhLTExZTYtOGY4OC0zNDM2M2JjN2M0YzAiOnsiY3JlYXRlIjozMDAwMDAwMDAwMDB9fQ=="}]},{"mode":"managed","type":"google_storage_bucket","name":"raw","provider":"provider[\"registry.opentofu.org/hashicorp/google\"]","instances":[{"schema_version":2,"attributes":{"autoclass":[],"cors":[],"custom_placement_config":[],"default_event_based_hold":false,"effective_labels":{},"enable_object_retention":false,"encryption":[],"force_destroy":false,"id":"hk-transit-pulse-raw","labels":{},"lifecycle_rule":[],"location":"ASIA-EAST2","logging":[],"name":"hk-transit-pulse-raw","project":"project-e5d4de8a-49cc-439d-b6e","project_number":415535336470,"public_access_prevention":"inherited","requester_pays":false,"retention_policy":[],"rpo":null,"self_link":"https://www.googleapis.com/storage/v1/b/hk-transit-pulse-raw","soft_delete_policy":[{"effective_time":"2026-04-04T16:41:35.435Z","retention_duration_seconds":604800}],"storage_class":"STANDARD","terraform_labels":{},"timeouts":null,"uniform_bucket_level_access":true,"url":"gs://hk-transit-pulse-raw","versioning":[],"website":[]},"sensitive_attributes":[],"private":"eyJlMmJmYjczMC1lY2FhLTExZTYtOGY4OC0zNDM2M2JjN2M0YzAiOnsiY3JlYXRlIjo2MDAwMDAwMDAwMDAsInJlYWQiOjI0MDAwMDAwMDAwMCwidXBkYXRlIjoyNDAwMDAwMDAwMDB9LCJzY2hlbWFfdmVyc2lvbiI6IjIifQ=="}]}],"check_results":null}
